// !$*UTF8*$!
{
	archiveVersion = 1;
	classes = {
	};
	objectVersion = 56;
	objects = {

/* Begin PBXBuildFile section */
		15433852FAF20829F0A77C93 /* Pods_Habit_Builder.framework in Frameworks */ = {isa = PBXBuildFile; fileRef = 86F47F0CD39AB79BFF140642 /* Pods_Habit_Builder.framework */; };
		2F4F10EF2BBA930500B8E966 /* RoutingApp.swift in Sources */ = {isa = PBXBuildFile; fileRef = 2F4F10EE2BBA930500B8E966 /* RoutingApp.swift */; };
		2F4F10F22BBA93EC00B8E966 /* Router.swift in Sources */ = {isa = PBXBuildFile; fileRef = 2F4F10F12BBA93EC00B8E966 /* Router.swift */; };
		2F4F10F42BBA9DE600B8E966 /* GoogleService-Info.plist in Resources */ = {isa = PBXBuildFile; fileRef = 2F4F10F32BBA9DE600B8E966 /* GoogleService-Info.plist */; };
		2F4F10F62BBAA2E300B8E966 /* AuthenticationViewModel.swift in Sources */ = {isa = PBXBuildFile; fileRef = 2F4F10F52BBAA2E300B8E966 /* AuthenticationViewModel.swift */; };
		2FCD2E472BB5101C00BBC6DB /* Manrope-SemiBold.ttf in Resources */ = {isa = PBXBuildFile; fileRef = 2FCD2E432BB5101B00BBC6DB /* Manrope-SemiBold.ttf */; };
		2FCD2E482BB5101C00BBC6DB /* Manrope-Regular.ttf in Resources */ = {isa = PBXBuildFile; fileRef = 2FCD2E442BB5101C00BBC6DB /* Manrope-Regular.ttf */; };
		2FCD2E492BB5101C00BBC6DB /* Manrope-Medium.ttf in Resources */ = {isa = PBXBuildFile; fileRef = 2FCD2E452BB5101C00BBC6DB /* Manrope-Medium.ttf */; };
		2FCD2E4A2BB5101C00BBC6DB /* Manrope-Bold.ttf in Resources */ = {isa = PBXBuildFile; fileRef = 2FCD2E462BB5101C00BBC6DB /* Manrope-Bold.ttf */; };
		2FCD2E4C2BB5107A00BBC6DB /* Klasik Regular.otf in Resources */ = {isa = PBXBuildFile; fileRef = 2FCD2E4B2BB5107A00BBC6DB /* Klasik Regular.otf */; };
		2FCD2E4F2BB510E500BBC6DB /* SplashView.swift in Sources */ = {isa = PBXBuildFile; fileRef = 2FCD2E4E2BB510E500BBC6DB /* SplashView.swift */; };
		2FCD2E522BB51CAF00BBC6DB /* IntroductionView.swift in Sources */ = {isa = PBXBuildFile; fileRef = 2FCD2E512BB51CAF00BBC6DB /* IntroductionView.swift */; };
		2FCD2E552BB53F6F00BBC6DB /* UIExtensions.swift in Sources */ = {isa = PBXBuildFile; fileRef = 2FCD2E542BB53F6F00BBC6DB /* UIExtensions.swift */; };
		2FCD2E582BB5466F00BBC6DB /* CustomEllipse.swift in Sources */ = {isa = PBXBuildFile; fileRef = 2FCD2E572BB5466F00BBC6DB /* CustomEllipse.swift */; };
		2FCD2E5B2BB55EC900BBC6DB /* IntroductionViewModel.swift in Sources */ = {isa = PBXBuildFile; fileRef = 2FCD2E5A2BB55EC900BBC6DB /* IntroductionViewModel.swift */; };
		2FCD2E5D2BB577C300BBC6DB /* Userdefault.swift in Sources */ = {isa = PBXBuildFile; fileRef = 2FCD2E5C2BB577C300BBC6DB /* Userdefault.swift */; };
		2FE936912BB44E1F0011F818 /* Habit_BuilderApp.swift in Sources */ = {isa = PBXBuildFile; fileRef = 2FE936902BB44E1F0011F818 /* Habit_BuilderApp.swift */; };
		2FE936932BB44E1F0011F818 /* ContentView.swift in Sources */ = {isa = PBXBuildFile; fileRef = 2FE936922BB44E1F0011F818 /* ContentView.swift */; };
		2FE936952BB44E210011F818 /* Assets.xcassets in Resources */ = {isa = PBXBuildFile; fileRef = 2FE936942BB44E210011F818 /* Assets.xcassets */; };
		2FE936982BB44E210011F818 /* Preview Assets.xcassets in Resources */ = {isa = PBXBuildFile; fileRef = 2FE936972BB44E210011F818 /* Preview Assets.xcassets */; };
/* End PBXBuildFile section */

/* Begin PBXFileReference section */
		2F4F10EE2BBA930500B8E966 /* RoutingApp.swift */ = {isa = PBXFileReference; lastKnownFileType = sourcecode.swift; path = RoutingApp.swift; sourceTree = "<group>"; };
		2F4F10F12BBA93EC00B8E966 /* Router.swift */ = {isa = PBXFileReference; lastKnownFileType = sourcecode.swift; path = Router.swift; sourceTree = "<group>"; };
		2F4F10F32BBA9DE600B8E966 /* GoogleService-Info.plist */ = {isa = PBXFileReference; fileEncoding = 4; lastKnownFileType = text.plist.xml; path = "GoogleService-Info.plist"; sourceTree = "<group>"; };
		2F4F10F52BBAA2E300B8E966 /* AuthenticationViewModel.swift */ = {isa = PBXFileReference; lastKnownFileType = sourcecode.swift; path = AuthenticationViewModel.swift; sourceTree = "<group>"; };
		2FCD2E432BB5101B00BBC6DB /* Manrope-SemiBold.ttf */ = {isa = PBXFileReference; lastKnownFileType = file; path = "Manrope-SemiBold.ttf"; sourceTree = "<group>"; };
		2FCD2E442BB5101C00BBC6DB /* Manrope-Regular.ttf */ = {isa = PBXFileReference; lastKnownFileType = file; path = "Manrope-Regular.ttf"; sourceTree = "<group>"; };
		2FCD2E452BB5101C00BBC6DB /* Manrope-Medium.ttf */ = {isa = PBXFileReference; lastKnownFileType = file; path = "Manrope-Medium.ttf"; sourceTree = "<group>"; };
		2FCD2E462BB5101C00BBC6DB /* Manrope-Bold.ttf */ = {isa = PBXFileReference; lastKnownFileType = file; path = "Manrope-Bold.ttf"; sourceTree = "<group>"; };
		2FCD2E4B2BB5107A00BBC6DB /* Klasik Regular.otf */ = {isa = PBXFileReference; lastKnownFileType = file; path = "Klasik Regular.otf"; sourceTree = "<group>"; };
		2FCD2E4E2BB510E500BBC6DB /* SplashView.swift */ = {isa = PBXFileReference; lastKnownFileType = sourcecode.swift; path = SplashView.swift; sourceTree = "<group>"; };
		2FCD2E502BB5195C00BBC6DB /* Habit-Builder-Info.plist */ = {isa = PBXFileReference; lastKnownFileType = text.plist; path = "Habit-Builder-Info.plist"; sourceTree = SOURCE_ROOT; };
		2FCD2E512BB51CAF00BBC6DB /* IntroductionView.swift */ = {isa = PBXFileReference; lastKnownFileType = sourcecode.swift; path = IntroductionView.swift; sourceTree = "<group>"; };
		2FCD2E542BB53F6F00BBC6DB /* UIExtensions.swift */ = {isa = PBXFileReference; lastKnownFileType = sourcecode.swift; path = UIExtensions.swift; sourceTree = "<group>"; };
		2FCD2E572BB5466F00BBC6DB /* CustomEllipse.swift */ = {isa = PBXFileReference; lastKnownFileType = sourcecode.swift; path = CustomEllipse.swift; sourceTree = "<group>"; };
		2FCD2E5A2BB55EC900BBC6DB /* IntroductionViewModel.swift */ = {isa = PBXFileReference; lastKnownFileType = sourcecode.swift; path = IntroductionViewModel.swift; sourceTree = "<group>"; };
		2FCD2E5C2BB577C300BBC6DB /* Userdefault.swift */ = {isa = PBXFileReference; lastKnownFileType = sourcecode.swift; path = Userdefault.swift; sourceTree = "<group>"; };
		2FE9368D2BB44E1F0011F818 /* Habit Builder.app */ = {isa = PBXFileReference; explicitFileType = wrapper.application; includeInIndex = 0; path = "Habit Builder.app"; sourceTree = BUILT_PRODUCTS_DIR; };
		2FE936902BB44E1F0011F818 /* Habit_BuilderApp.swift */ = {isa = PBXFileReference; lastKnownFileType = sourcecode.swift; path = Habit_BuilderApp.swift; sourceTree = "<group>"; };
		2FE936922BB44E1F0011F818 /* ContentView.swift */ = {isa = PBXFileReference; lastKnownFileType = sourcecode.swift; path = ContentView.swift; sourceTree = "<group>"; };
		2FE936942BB44E210011F818 /* Assets.xcassets */ = {isa = PBXFileReference; lastKnownFileType = folder.assetcatalog; path = Assets.xcassets; sourceTree = "<group>"; };
		2FE936972BB44E210011F818 /* Preview Assets.xcassets */ = {isa = PBXFileReference; lastKnownFileType = folder.assetcatalog; path = "Preview Assets.xcassets"; sourceTree = "<group>"; };
		3182967C552E5B391550CABF /* Pods-Habit Builder.release.xcconfig */ = {isa = PBXFileReference; includeInIndex = 1; lastKnownFileType = text.xcconfig; name = "Pods-Habit Builder.release.xcconfig"; path = "Target Support Files/Pods-Habit Builder/Pods-Habit Builder.release.xcconfig"; sourceTree = "<group>"; };
		86F47F0CD39AB79BFF140642 /* Pods_Habit_Builder.framework */ = {isa = PBXFileReference; explicitFileType = wrapper.framework; includeInIndex = 0; path = Pods_Habit_Builder.framework; sourceTree = BUILT_PRODUCTS_DIR; };
		8E9EF70AE770661734B65DFE /* Pods-Habit Builder.debug.xcconfig */ = {isa = PBXFileReference; includeInIndex = 1; lastKnownFileType = text.xcconfig; name = "Pods-Habit Builder.debug.xcconfig"; path = "Target Support Files/Pods-Habit Builder/Pods-Habit Builder.debug.xcconfig"; sourceTree = "<group>"; };
/* End PBXFileReference section */

/* Begin PBXFrameworksBuildPhase section */
		2FE9368A2BB44E1F0011F818 /* Frameworks */ = {
			isa = PBXFrameworksBuildPhase;
			buildActionMask = 2147483647;
			files = (
				15433852FAF20829F0A77C93 /* Pods_Habit_Builder.framework in Frameworks */,
			);
			runOnlyForDeploymentPostprocessing = 0;
		};
/* End PBXFrameworksBuildPhase section */

/* Begin PBXGroup section */
		2F4F10F02BBA93B200B8E966 /* Navigation Router */ = {
			isa = PBXGroup;
			children = (
				2F4F10EE2BBA930500B8E966 /* RoutingApp.swift */,
				2F4F10F12BBA93EC00B8E966 /* Router.swift */,
			);
			path = "Navigation Router";
			sourceTree = "<group>";
		};
		2FCD2E402BB50E6700BBC6DB /* Supporting Files */ = {
			isa = PBXGroup;
			children = (
				2F4F10F02BBA93B200B8E966 /* Navigation Router */,
				2FCD2E562BB5461C00BBC6DB /* CustomShape */,
				2FCD2E532BB53F3D00BBC6DB /* Utilities */,
				2FCD2E422BB50ED600BBC6DB /* Font */,
				2FE936942BB44E210011F818 /* Assets.xcassets */,
			);
			path = "Supporting Files";
			sourceTree = "<group>";
		};
		2FCD2E412BB50EB600BBC6DB /* Main */ = {
			isa = PBXGroup;
			children = (
				2FE936922BB44E1F0011F818 /* ContentView.swift */,
				2FE936902BB44E1F0011F818 /* Habit_BuilderApp.swift */,
			);
			path = Main;
			sourceTree = "<group>";
		};
		2FCD2E422BB50ED600BBC6DB /* Font */ = {
			isa = PBXGroup;
			children = (
				2FCD2E4B2BB5107A00BBC6DB /* Klasik Regular.otf */,
				2FCD2E462BB5101C00BBC6DB /* Manrope-Bold.ttf */,
				2FCD2E452BB5101C00BBC6DB /* Manrope-Medium.ttf */,
				2FCD2E442BB5101C00BBC6DB /* Manrope-Regular.ttf */,
				2FCD2E432BB5101B00BBC6DB /* Manrope-SemiBold.ttf */,
			);
			path = Font;
			sourceTree = "<group>";
		};
		2FCD2E4D2BB510A600BBC6DB /* View */ = {
			isa = PBXGroup;
			children = (
				2FCD2E4E2BB510E500BBC6DB /* SplashView.swift */,
				2FCD2E512BB51CAF00BBC6DB /* IntroductionView.swift */,
			);
			path = View;
			sourceTree = "<group>";
		};
		2FCD2E532BB53F3D00BBC6DB /* Utilities */ = {
			isa = PBXGroup;
			children = (
				2FCD2E542BB53F6F00BBC6DB /* UIExtensions.swift */,
				2FCD2E5C2BB577C300BBC6DB /* Userdefault.swift */,
			);
			path = Utilities;
			sourceTree = "<group>";
		};
		2FCD2E562BB5461C00BBC6DB /* CustomShape */ = {
			isa = PBXGroup;
			children = (
				2FCD2E572BB5466F00BBC6DB /* CustomEllipse.swift */,
			);
			path = CustomShape;
			sourceTree = "<group>";
		};
		2FCD2E592BB55E9300BBC6DB /* View Models */ = {
			isa = PBXGroup;
			children = (
				2FCD2E5A2BB55EC900BBC6DB /* IntroductionViewModel.swift */,
				2F4F10F52BBAA2E300B8E966 /* AuthenticationViewModel.swift */,
			);
			path = "View Models";
			sourceTree = "<group>";
		};
		2FE936842BB44E1F0011F818 = {
			isa = PBXGroup;
			children = (
				A3D38B2F09ABBCC1A0D3F549 /* Frameworks */,
				2FE9368F2BB44E1F0011F818 /* Habit Builder */,
				57DCD3DDA8AC29A467542D8F /* Pods */,
				2FE9368E2BB44E1F0011F818 /* Products */,
			);
			sourceTree = "<group>";
		};
		2FE9368E2BB44E1F0011F818 /* Products */ = {
			isa = PBXGroup;
			children = (
				2FE9368D2BB44E1F0011F818 /* Habit Builder.app */,
			);
			name = Products;
			sourceTree = "<group>";
		};
		2FE9368F2BB44E1F0011F818 /* Habit Builder */ = {
			isa = PBXGroup;
			children = (
				2F4F10F32BBA9DE600B8E966 /* GoogleService-Info.plist */,
				2FCD2E502BB5195C00BBC6DB /* Habit-Builder-Info.plist */,
				2FCD2E412BB50EB600BBC6DB /* Main */,
				2FE936962BB44E210011F818 /* Preview Content */,
				2FCD2E402BB50E6700BBC6DB /* Supporting Files */,
				2FCD2E4D2BB510A600BBC6DB /* View */,
				2FCD2E592BB55E9300BBC6DB /* View Models */,
			);
			path = "Habit Builder";
			sourceTree = "<group>";
		};
		2FE936962BB44E210011F818 /* Preview Content */ = {
			isa = PBXGroup;
			children = (
				2FE936972BB44E210011F818 /* Preview Assets.xcassets */,
			);
			path = "Preview Content";
			sourceTree = "<group>";
		};
		57DCD3DDA8AC29A467542D8F /* Pods */ = {
			isa = PBXGroup;
			children = (
				8E9EF70AE770661734B65DFE /* Pods-Habit Builder.debug.xcconfig */,
				3182967C552E5B391550CABF /* Pods-Habit Builder.release.xcconfig */,
			);
			path = Pods;
			sourceTree = "<group>";
		};
		A3D38B2F09ABBCC1A0D3F549 /* Frameworks */ = {
			isa = PBXGroup;
			children = (
				86F47F0CD39AB79BFF140642 /* Pods_Habit_Builder.framework */,
			);
			name = Frameworks;
			sourceTree = "<group>";
		};
/* End PBXGroup section */

/* Begin PBXNativeTarget section */
		2FE9368C2BB44E1F0011F818 /* Habit Builder */ = {
			isa = PBXNativeTarget;
			buildConfigurationList = 2FE9369B2BB44E210011F818 /* Build configuration list for PBXNativeTarget "Habit Builder" */;
			buildPhases = (
				873FFDBD76AA5D5259825C85 /* [CP] Check Pods Manifest.lock */,
				2FE936892BB44E1F0011F818 /* Sources */,
				2FE9368A2BB44E1F0011F818 /* Frameworks */,
				2FE9368B2BB44E1F0011F818 /* Resources */,
				08027DC548877F15EA8D656D /* [CP] Embed Pods Frameworks */,
			);
			buildRules = (
			);
			dependencies = (
			);
			name = "Habit Builder";
			productName = "Habit Builder";
			productReference = 2FE9368D2BB44E1F0011F818 /* Habit Builder.app */;
			productType = "com.apple.product-type.application";
		};
/* End PBXNativeTarget section */

/* Begin PBXProject section */
		2FE936852BB44E1F0011F818 /* Project object */ = {
			isa = PBXProject;
			attributes = {
				BuildIndependentTargetsInParallel = 1;
				LastSwiftUpdateCheck = 1520;
				LastUpgradeCheck = 1520;
				TargetAttributes = {
					2FE9368C2BB44E1F0011F818 = {
						CreatedOnToolsVersion = 15.2;
					};
				};
			};
			buildConfigurationList = 2FE936882BB44E1F0011F818 /* Build configuration list for PBXProject "Habit Builder" */;
			compatibilityVersion = "Xcode 14.0";
			developmentRegion = en;
			hasScannedForEncodings = 0;
			knownRegions = (
				en,
				Base,
			);
			mainGroup = 2FE936842BB44E1F0011F818;
			productRefGroup = 2FE9368E2BB44E1F0011F818 /* Products */;
			projectDirPath = "";
			projectRoot = "";
			targets = (
				2FE9368C2BB44E1F0011F818 /* Habit Builder */,
			);
		};
/* End PBXProject section */

/* Begin PBXResourcesBuildPhase section */
		2FE9368B2BB44E1F0011F818 /* Resources */ = {
			isa = PBXResourcesBuildPhase;
			buildActionMask = 2147483647;
			files = (
				2FCD2E482BB5101C00BBC6DB /* Manrope-Regular.ttf in Resources */,
				2F4F10F42BBA9DE600B8E966 /* GoogleService-Info.plist in Resources */,
				2FE936982BB44E210011F818 /* Preview Assets.xcassets in Resources */,
				2FCD2E472BB5101C00BBC6DB /* Manrope-SemiBold.ttf in Resources */,
				2FE936952BB44E210011F818 /* Assets.xcassets in Resources */,
				2FCD2E4C2BB5107A00BBC6DB /* Klasik Regular.otf in Resources */,
				2FCD2E4A2BB5101C00BBC6DB /* Manrope-Bold.ttf in Resources */,
				2FCD2E492BB5101C00BBC6DB /* Manrope-Medium.ttf in Resources */,
			);
			runOnlyForDeploymentPostprocessing = 0;
		};
/* End PBXResourcesBuildPhase section */

/* Begin PBXShellScriptBuildPhase section */
		08027DC548877F15EA8D656D /* [CP] Embed Pods Frameworks */ = {
			isa = PBXShellScriptBuildPhase;
			buildActionMask = 2147483647;
			files = (
			);
			inputFileListPaths = (
				"${PODS_ROOT}/Target Support Files/Pods-Habit Builder/Pods-Habit Builder-frameworks-${CONFIGURATION}-input-files.xcfilelist",
			);
			name = "[CP] Embed Pods Frameworks";
			outputFileListPaths = (
				"${PODS_ROOT}/Target Support Files/Pods-Habit Builder/Pods-Habit Builder-frameworks-${CONFIGURATION}-output-files.xcfilelist",
			);
			runOnlyForDeploymentPostprocessing = 0;
			shellPath = /bin/sh;
			shellScript = "\"${PODS_ROOT}/Target Support Files/Pods-Habit Builder/Pods-Habit Builder-frameworks.sh\"\n";
			showEnvVarsInLog = 0;
		};
		873FFDBD76AA5D5259825C85 /* [CP] Check Pods Manifest.lock */ = {
			isa = PBXShellScriptBuildPhase;
			buildActionMask = 2147483647;
			files = (
			);
			inputFileListPaths = (
			);
			inputPaths = (
				"${PODS_PODFILE_DIR_PATH}/Podfile.lock",
				"${PODS_ROOT}/Manifest.lock",
			);
			name = "[CP] Check Pods Manifest.lock";
			outputFileListPaths = (
			);
			outputPaths = (
				"$(DERIVED_FILE_DIR)/Pods-Habit Builder-checkManifestLockResult.txt",
			);
			runOnlyForDeploymentPostprocessing = 0;
			shellPath = /bin/sh;
			shellScript = "diff \"${PODS_PODFILE_DIR_PATH}/Podfile.lock\" \"${PODS_ROOT}/Manifest.lock\" > /dev/null\nif [ $? != 0 ] ; then\n    # print error to STDERR\n    echo \"error: The sandbox is not in sync with the Podfile.lock. Run 'pod install' or update your CocoaPods installation.\" >&2\n    exit 1\nfi\n# This output is used by Xcode 'outputs' to avoid re-running this script phase.\necho \"SUCCESS\" > \"${SCRIPT_OUTPUT_FILE_0}\"\n";
			showEnvVarsInLog = 0;
		};
/* End PBXShellScriptBuildPhase section */

/* Begin PBXSourcesBuildPhase section */
		2FE936892BB44E1F0011F818 /* Sources */ = {
			isa = PBXSourcesBuildPhase;
			buildActionMask = 2147483647;
			files = (
				2FCD2E5D2BB577C300BBC6DB /* Userdefault.swift in Sources */,
				2FE936932BB44E1F0011F818 /* ContentView.swift in Sources */,
				2F4F10F22BBA93EC00B8E966 /* Router.swift in Sources */,
				2FE936912BB44E1F0011F818 /* Habit_BuilderApp.swift in Sources */,
				2F4F10F62BBAA2E300B8E966 /* AuthenticationViewModel.swift in Sources */,
				2FCD2E522BB51CAF00BBC6DB /* IntroductionView.swift in Sources */,
				2FCD2E582BB5466F00BBC6DB /* CustomEllipse.swift in Sources */,
				2F4F10EF2BBA930500B8E966 /* RoutingApp.swift in Sources */,
				2FCD2E5B2BB55EC900BBC6DB /* IntroductionViewModel.swift in Sources */,
				2FCD2E4F2BB510E500BBC6DB /* SplashView.swift in Sources */,
				2FCD2E552BB53F6F00BBC6DB /* UIExtensions.swift in Sources */,
			);
			runOnlyForDeploymentPostprocessing = 0;
		};
/* End PBXSourcesBuildPhase section */

/* Begin XCBuildConfiguration section */
		2FE936992BB44E210011F818 /* Debug */ = {
			isa = XCBuildConfiguration;
			buildSettings = {
				ALWAYS_SEARCH_USER_PATHS = NO;
				ASSETCATALOG_COMPILER_GENERATE_SWIFT_ASSET_SYMBOL_EXTENSIONS = YES;
				CLANG_ANALYZER_NONNULL = YES;
				CLANG_ANALYZER_NUMBER_OBJECT_CONVERSION = YES_AGGRESSIVE;
				CLANG_CXX_LANGUAGE_STANDARD = "gnu++20";
				CLANG_ENABLE_MODULES = YES;
				CLANG_ENABLE_OBJC_ARC = YES;
				CLANG_ENABLE_OBJC_WEAK = YES;
				CLANG_WARN_BLOCK_CAPTURE_AUTORELEASING = YES;
				CLANG_WARN_BOOL_CONVERSION = YES;
				CLANG_WARN_COMMA = YES;
				CLANG_WARN_CONSTANT_CONVERSION = YES;
				CLANG_WARN_DEPRECATED_OBJC_IMPLEMENTATIONS = YES;
				CLANG_WARN_DIRECT_OBJC_ISA_USAGE = YES_ERROR;
				CLANG_WARN_DOCUMENTATION_COMMENTS = YES;
				CLANG_WARN_EMPTY_BODY = YES;
				CLANG_WARN_ENUM_CONVERSION = YES;
				CLANG_WARN_INFINITE_RECURSION = YES;
				CLANG_WARN_INT_CONVERSION = YES;
				CLANG_WARN_NON_LITERAL_NULL_CONVERSION = YES;
				CLANG_WARN_OBJC_IMPLICIT_RETAIN_SELF = YES;
				CLANG_WARN_OBJC_LITERAL_CONVERSION = YES;
				CLANG_WARN_OBJC_ROOT_CLASS = YES_ERROR;
				CLANG_WARN_QUOTED_INCLUDE_IN_FRAMEWORK_HEADER = YES;
				CLANG_WARN_RANGE_LOOP_ANALYSIS = YES;
				CLANG_WARN_STRICT_PROTOTYPES = YES;
				CLANG_WARN_SUSPICIOUS_MOVE = YES;
				CLANG_WARN_UNGUARDED_AVAILABILITY = YES_AGGRESSIVE;
				CLANG_WARN_UNREACHABLE_CODE = YES;
				CLANG_WARN__DUPLICATE_METHOD_MATCH = YES;
				COPY_PHASE_STRIP = NO;
				DEBUG_INFORMATION_FORMAT = dwarf;
				ENABLE_STRICT_OBJC_MSGSEND = YES;
				ENABLE_TESTABILITY = YES;
				ENABLE_USER_SCRIPT_SANDBOXING = YES;
				GCC_C_LANGUAGE_STANDARD = gnu17;
				GCC_DYNAMIC_NO_PIC = NO;
				GCC_NO_COMMON_BLOCKS = YES;
				GCC_OPTIMIZATION_LEVEL = 0;
				GCC_PREPROCESSOR_DEFINITIONS = (
					"DEBUG=1",
					"$(inherited)",
				);
				GCC_WARN_64_TO_32_BIT_CONVERSION = YES;
				GCC_WARN_ABOUT_RETURN_TYPE = YES_ERROR;
				GCC_WARN_UNDECLARED_SELECTOR = YES;
				GCC_WARN_UNINITIALIZED_AUTOS = YES_AGGRESSIVE;
				GCC_WARN_UNUSED_FUNCTION = YES;
				GCC_WARN_UNUSED_VARIABLE = YES;
				IPHONEOS_DEPLOYMENT_TARGET = 17.2;
				LOCALIZATION_PREFERS_STRING_CATALOGS = YES;
				MTL_ENABLE_DEBUG_INFO = INCLUDE_SOURCE;
				MTL_FAST_MATH = YES;
				ONLY_ACTIVE_ARCH = YES;
				SDKROOT = iphoneos;
				SWIFT_ACTIVE_COMPILATION_CONDITIONS = "DEBUG $(inherited)";
				SWIFT_OPTIMIZATION_LEVEL = "-Onone";
			};
			name = Debug;
		};
		2FE9369A2BB44E210011F818 /* Release */ = {
			isa = XCBuildConfiguration;
			buildSettings = {
				ALWAYS_SEARCH_USER_PATHS = NO;
				ASSETCATALOG_COMPILER_GENERATE_SWIFT_ASSET_SYMBOL_EXTENSIONS = YES;
				CLANG_ANALYZER_NONNULL = YES;
				CLANG_ANALYZER_NUMBER_OBJECT_CONVERSION = YES_AGGRESSIVE;
				CLANG_CXX_LANGUAGE_STANDARD = "gnu++20";
				CLANG_ENABLE_MODULES = YES;
				CLANG_ENABLE_OBJC_ARC = YES;
				CLANG_ENABLE_OBJC_WEAK = YES;
				CLANG_WARN_BLOCK_CAPTURE_AUTORELEASING = YES;
				CLANG_WARN_BOOL_CONVERSION = YES;
				CLANG_WARN_COMMA = YES;
				CLANG_WARN_CONSTANT_CONVERSION = YES;
				CLANG_WARN_DEPRECATED_OBJC_IMPLEMENTATIONS = YES;
				CLANG_WARN_DIRECT_OBJC_ISA_USAGE = YES_ERROR;
				CLANG_WARN_DOCUMENTATION_COMMENTS = YES;
				CLANG_WARN_EMPTY_BODY = YES;
				CLANG_WARN_ENUM_CONVERSION = YES;
				CLANG_WARN_INFINITE_RECURSION = YES;
				CLANG_WARN_INT_CONVERSION = YES;
				CLANG_WARN_NON_LITERAL_NULL_CONVERSION = YES;
				CLANG_WARN_OBJC_IMPLICIT_RETAIN_SELF = YES;
				CLANG_WARN_OBJC_LITERAL_CONVERSION = YES;
				CLANG_WARN_OBJC_ROOT_CLASS = YES_ERROR;
				CLANG_WARN_QUOTED_INCLUDE_IN_FRAMEWORK_HEADER = YES;
				CLANG_WARN_RANGE_LOOP_ANALYSIS = YES;
				CLANG_WARN_STRICT_PROTOTYPES = YES;
				CLANG_WARN_SUSPICIOUS_MOVE = YES;
				CLANG_WARN_UNGUARDED_AVAILABILITY = YES_AGGRESSIVE;
				CLANG_WARN_UNREACHABLE_CODE = YES;
				CLANG_WARN__DUPLICATE_METHOD_MATCH = YES;
				COPY_PHASE_STRIP = NO;
				DEBUG_INFORMATION_FORMAT = "dwarf-with-dsym";
				ENABLE_NS_ASSERTIONS = NO;
				ENABLE_STRICT_OBJC_MSGSEND = YES;
				ENABLE_USER_SCRIPT_SANDBOXING = YES;
				GCC_C_LANGUAGE_STANDARD = gnu17;
				GCC_NO_COMMON_BLOCKS = YES;
				GCC_WARN_64_TO_32_BIT_CONVERSION = YES;
				GCC_WARN_ABOUT_RETURN_TYPE = YES_ERROR;
				GCC_WARN_UNDECLARED_SELECTOR = YES;
				GCC_WARN_UNINITIALIZED_AUTOS = YES_AGGRESSIVE;
				GCC_WARN_UNUSED_FUNCTION = YES;
				GCC_WARN_UNUSED_VARIABLE = YES;
				IPHONEOS_DEPLOYMENT_TARGET = 17.2;
				LOCALIZATION_PREFERS_STRING_CATALOGS = YES;
				MTL_ENABLE_DEBUG_INFO = NO;
				MTL_FAST_MATH = YES;
				SDKROOT = iphoneos;
				SWIFT_COMPILATION_MODE = wholemodule;
				VALIDATE_PRODUCT = YES;
			};
			name = Release;
		};
		2FE9369C2BB44E210011F818 /* Debug */ = {
			isa = XCBuildConfiguration;
			baseConfigurationReference = 8E9EF70AE770661734B65DFE /* Pods-Habit Builder.debug.xcconfig */;
			buildSettings = {
				ASSETCATALOG_COMPILER_APPICON_NAME = AppIcon;
				ASSETCATALOG_COMPILER_GLOBAL_ACCENT_COLOR_NAME = AccentColor;
				CODE_SIGN_STYLE = Automatic;
				CURRENT_PROJECT_VERSION = 1;
				DEVELOPMENT_ASSET_PATHS = "\"Habit Builder/Preview Content\"";
				ENABLE_PREVIEWS = YES;
				GENERATE_INFOPLIST_FILE = YES;
				INFOPLIST_FILE = "Habit-Builder-Info.plist";
				INFOPLIST_KEY_UIApplicationSceneManifest_Generation = YES;
				INFOPLIST_KEY_UIApplicationSupportsIndirectInputEvents = YES;
				INFOPLIST_KEY_UILaunchScreen_Generation = YES;
				INFOPLIST_KEY_UISupportedInterfaceOrientations_iPad = "UIInterfaceOrientationPortrait UIInterfaceOrientationPortraitUpsideDown UIInterfaceOrientationLandscapeLeft UIInterfaceOrientationLandscapeRight";
				INFOPLIST_KEY_UISupportedInterfaceOrientations_iPhone = "UIInterfaceOrientationPortrait UIInterfaceOrientationLandscapeLeft UIInterfaceOrientationLandscapeRight";
				LD_RUNPATH_SEARCH_PATHS = (
					"$(inherited)",
					"@executable_path/Frameworks",
				);
				MARKETING_VERSION = 1.0;
				PRODUCT_BUNDLE_IDENTIFIER = "com.app.Habit-Builder";
				PRODUCT_NAME = "$(TARGET_NAME)";
				SUPPORTED_PLATFORMS = "iphoneos iphonesimulator";
				SUPPORTS_MACCATALYST = NO;
				SUPPORTS_MAC_DESIGNED_FOR_IPHONE_IPAD = NO;
				SUPPORTS_XR_DESIGNED_FOR_IPHONE_IPAD = NO;
				SWIFT_EMIT_LOC_STRINGS = YES;
				SWIFT_VERSION = 5.0;
				TARGETED_DEVICE_FAMILY = "1,2";
			};
			name = Debug;
		};
		2FE9369D2BB44E210011F818 /* Release */ = {
			isa = XCBuildConfiguration;
			baseConfigurationReference = 3182967C552E5B391550CABF /* Pods-Habit Builder.release.xcconfig */;
			buildSettings = {
				ASSETCATALOG_COMPILER_APPICON_NAME = AppIcon;
				ASSETCATALOG_COMPILER_GLOBAL_ACCENT_COLOR_NAME = AccentColor;
				CODE_SIGN_STYLE = Automatic;
				CURRENT_PROJECT_VERSION = 1;
				DEVELOPMENT_ASSET_PATHS = "\"Habit Builder/Preview Content\"";
				ENABLE_PREVIEWS = YES;
				GENERATE_INFOPLIST_FILE = YES;
				INFOPLIST_FILE = "Habit-Builder-Info.plist";
				INFOPLIST_KEY_UIApplicationSceneManifest_Generation = YES;
				INFOPLIST_KEY_UIApplicationSupportsIndirectInputEvents = YES;
				INFOPLIST_KEY_UILaunchScreen_Generation = YES;
				INFOPLIST_KEY_UISupportedInterfaceOrientations_iPad = "UIInterfaceOrientationPortrait UIInterfaceOrientationPortraitUpsideDown UIInterfaceOrientationLandscapeLeft UIInterfaceOrientationLandscapeRight";
				INFOPLIST_KEY_UISupportedInterfaceOrientations_iPhone = "UIInterfaceOrientationPortrait UIInterfaceOrientationLandscapeLeft UIInterfaceOrientationLandscapeRight";
				LD_RUNPATH_SEARCH_PATHS = (
					"$(inherited)",
					"@executable_path/Frameworks",
				);
				MARKETING_VERSION = 1.0;
				PRODUCT_BUNDLE_IDENTIFIER = "com.app.Habit-Builder";
				PRODUCT_NAME = "$(TARGET_NAME)";
				SUPPORTED_PLATFORMS = "iphoneos iphonesimulator";
				SUPPORTS_MACCATALYST = NO;
				SUPPORTS_MAC_DESIGNED_FOR_IPHONE_IPAD = NO;
				SUPPORTS_XR_DESIGNED_FOR_IPHONE_IPAD = NO;
				SWIFT_EMIT_LOC_STRINGS = YES;
				SWIFT_VERSION = 5.0;
				TARGETED_DEVICE_FAMILY = "1,2";
			};
			name = Release;
		};
/* End XCBuildConfiguration section */

/* Begin XCConfigurationList section */
		2FE936882BB44E1F0011F818 /* Build configuration list for PBXProject "Habit Builder" */ = {
			isa = XCConfigurationList;
			buildConfigurations = (
				2FE936992BB44E210011F818 /* Debug */,
				2FE9369A2BB44E210011F818 /* Release */,
			);
			defaultConfigurationIsVisible = 0;
			defaultConfigurationName = Release;
		};
		2FE9369B2BB44E210011F818 /* Build configuration list for PBXNativeTarget "Habit Builder" */ = {
			isa = XCConfigurationList;
			buildConfigurations = (
				2FE9369C2BB44E210011F818 /* Debug */,
				2FE9369D2BB44E210011F818 /* Release */,
			);
			defaultConfigurationIsVisible = 0;
			defaultConfigurationName = Release;
		};
/* End XCConfigurationList section */
	};
	rootObject = 2FE936852BB44E1F0011F818 /* Project object */;
}
